
Microsoft Visual Studio Solution File, Format Version 12.00
# Visual Studio Version 16
VisualStudioVersion = 16.0.29009.5
MinimumVisualStudioVersion = 10.0.40219.1
Project("{FAE04EC0-301F-11D3-BF4B-00C04F79EFBC}") = "ShareSphere", "ShareSphere\ShareSphere.csproj", "{CCE9DFE3-98EC-4C23-B87E-BFF3DB8481CC}"
EndProject
Global
	GlobalSection(SolutionConfigurationPlatforms) = preSolution
		Debug|Any CPU = Debug|Any CPU
		Release|Any CPU = Release|Any CPU
	EndGlobalSection
	GlobalSection(ProjectConfigurationPlatforms) = postSolution
		{CCE9DFE3-98EC-4C23-B87E-BFF3DB8481CC}.Debug|Any CPU.ActiveCfg = Debug|Any CPU
		{CCE9DFE3-98EC-4C23-B87E-BFF3DB8481CC}.Debug|Any CPU.Build.0 = Debug|Any CPU
		{CCE9DFE3-98EC-4C23-B87E-BFF3DB8481CC}.Release|Any CPU.ActiveCfg = Release|Any CPU
		{CCE9DFE3-98EC-4C23-B87E-BFF3DB8481CC}.Release|Any CPU.Build.0 = Release|Any CPU
	EndGlobalSection
	GlobalSection(SolutionProperties) = preSolution
		HideSolutionNode = FALSE
	EndGlobalSection
	GlobalSection(ExtensibilityGlobals) = postSolution
		SolutionGuid = {7267DAF0-044E-4BC6-989A-C0466BDFF2DF}
	EndGlobalSection
EndGlobal
